
Microsoft Visual Studio Solution File, Format Version 12.00
# Visual Studio 15
VisualStudioVersion = 15.0.28307.539
MinimumVisualStudioVersion = 10.0.40219.1
Project("{FAE04EC0-301F-11D3-BF4B-00C04F79EFBC}") = "Lec15_PassingParametersToRegister", "Lec15_PassingParametersToRegister\Lec15_PassingParametersToRegister.csproj", "{F4A7B97B-9AA3-4F4C-B914-390F8CAD8770}"
EndProject
Global
	GlobalSection(SolutionConfigurationPlatforms) = preSolution
		Debug|Any CPU = Debug|Any CPU
		Release|Any CPU = Release|Any CPU
	EndGlobalSection
	GlobalSection(ProjectConfigurationPlatforms) = postSolution
		{F4A7B97B-9AA3-4F4C-B914-390F8CAD8770}.Debug|Any CPU.ActiveCfg = Debug|Any CPU
		{F4A7B97B-9AA3-4F4C-B914-390F8CAD8770}.Debug|Any CPU.Build.0 = Debug|Any CPU
		{F4A7B97B-9AA3-4F4C-B914-390F8CAD8770}.Release|Any CPU.ActiveCfg = Release|Any CPU
		{F4A7B97B-9AA3-4F4C-B914-390F8CAD8770}.Release|Any CPU.Build.0 = Release|Any CPU
	EndGlobalSection
	GlobalSection(SolutionProperties) = preSolution
		HideSolutionNode = FALSE
	EndGlobalSection
	GlobalSection(ExtensibilityGlobals) = postSolution
		SolutionGuid = {BCCE3D1E-E107-469C-BB83-ACE33EEE95C9}
	EndGlobalSection
EndGlobal
